# nomos-studio component lock
# Each line: <component>  <sha>  <remote>
# Generated by: bin/nomos-studio lock
# Updated by: bin/nomos-studio lock --update

nous             8bd71c25bbded9a1af81bcd6f488919b669d2898  git@github.com:rodgert/nous.git
nomos-rt         9308626898f7183f9f500ee63c19950ffdb5e668  git@github.com:rodgert/nomos-rt.git
txlog            cc7fd4e356189994ab4cf2a628b35cbeb62583da  git@github.com:nomos-studio/txlog.git
edn-cpp          a10f42dc0afbfb1878ad9309e19d397237d078f8  git@github.com:rodgert/edn-cpp.git
alembic          1a6454bf38667dec6aa12696b8f6d9acdda47d89  git@github.com:rodgert/alembic.git
kairos           63c1fbc4f441ca032e722b64ac7c6bb5b1e73a5e  git@github.com:rodgert/kairos.git
kairos-grid      bf8d63f9a0104cc464ae3661063692ad463dcd32  git@github.com:rodgert/kairos-grid.git
nomos-maths      6e16ae41e46e02fcd64f4d58f966796e3d237cfc  git@github.com:rodgert/nomos-maths.git
nomos-topology   9778d4163cbeefd901efb7d82b2385d772b78ff9  git@github.com:rodgert/nomos-topology.git
aion             2d91dd1fd613919066ddffb3d6e84fca290b2068  git@github.com:rodgert/aion.git
