# nomos-studio component lock
# Each line: <component>  <sha>  <remote>
# Generated by: bin/nomos-studio lock
# Updated by: bin/nomos-studio lock --update

nous             952b6d7f702e179c81cf42f8cdbff18973f8fa38  git@github.com:nomos-studio/nous.git
nomos-rt         e99576aeb7ba62deb48e041c4a83cd65da46a851  git@github.com:nomos-studio/nomos-rt.git
txlog            cc7fd4e356189994ab4cf2a628b35cbeb62583da  git@github.com:nomos-studio/txlog.git
edn-cpp          a10f42dc0afbfb1878ad9309e19d397237d078f8  git@github.com:nomos-studio/edn-cpp.git
alembic          26d5d26721b041cfd87ac9951427200e35f85a67  git@github.com:nomos-studio/alembic.git
kairos           372c23b7776f27c5b02cca35126ad6a54cf97ce0  git@github.com:nomos-studio/kairos.git
kairos-grid      ab7308ac252741171022bf4f0b354277c4b8ada6  git@github.com:nomos-studio/kairos-grid.git
nomos-maths      75ca9bbeb23849fdaa1f70eaf084a476751bc83e  git@github.com:nomos-studio/nomos-maths.git
nomos-topology   822b75dce52bb1e433d4e018cb177f4874247208  git@github.com:nomos-studio/nomos-topology.git
aion             d83021bfc837cf30465788c58c81b4a0e92f8b39  git@github.com:nomos-studio/aion.git
